{
  "schema_version": 1,
  "product": "CLIProxyAPI",
  "status": "candidate",
  "version": "7.3.7",
  "tag": "v7.3.7",
  "commit": "b773607e3e7756dc6020a291825e4eb08899595a",
  "retrieved_at": "2026-09-18T19:38:11Z",
  "release_metadata_url": "https://github.com/router-for-me/CLIProxyAPI/releases/tag/v7.3.7",
  "config_adapter_version": "UNIMPLEMENTED",
  "platforms": {
    "windows_amd64": {
      "artifact": "CLIProxyAPI_7.3.7_windows_amd64.zip",
      "download_url": "https://github.com/router-for-me/CLIProxyAPI/releases/download/v7.3.7/CLIProxyAPI_7.3.7_windows_amd64.zip",
      "archive_sha256": "da5466b81beb7c769b99e26a5f6f41d9999a07be7c36be170167f10a2a6ecfc7",
      "executable_sha256": "bb44c6fa6a30214a294bdf64cf7385aa7ff65982aebd501ae37dc6a62a227072"
    }
  },
  "verified_capabilities": [
    "published_checksum_matches_archive",
    "github_asset_digest_matches_archive",
    "binary_version_matches_tag",
    "loopback_ipv4_bind",
    "management_key_required",
    "client_key_required",
    "credential_free_start_stop_cleanup"
  ],
  "unverified_capabilities": [
    "credential_specific_model_inventory",
    "provider_specific_response_shapes",
    "dedicated_health_endpoint"
  ],
  "evidence": "evidence/2026-09-18T1930Z-phase-0a-compatibility-inventory/cliproxy-schema.json"
}
